{
  "nodes": {
    "home-manager": {
      "inputs": {
        "nixpkgs": [
          "nixpkgs"
        ]
      },
      "locked": {
        "lastModified": 1745894335,
        "narHash": "sha256-m47zhftaod/oHOwoVT25jstdcVLhkrVGyvEHKjbnFHI=",
        "owner": "nix-community",
        "repo": "home-manager",
        "rev": "1ad123239957d40e11ef66c203d0a7e272eb48aa",
        "type": "github"
      },
      "original": {
        "owner": "nix-community",
        "repo": "home-manager",
        "type": "github"
      }
    },
    "nixpkgs": {
      "locked": {
        "lastModified": 1745900683,
        "narHash": "sha256-ZGi2gjgPtmPmplCVz7dNufqkBr00g6EeAloX3GrFQls=",
        "owner": "NixOS",
        "repo": "nixpkgs",
        "rev": "ffa0bb043c25cfc79ff3bc20ba2e44c3724499b1",
        "type": "github"
      },
      "original": {
        "owner": "NixOS",
        "ref": "nixpkgs-unstable",
        "repo": "nixpkgs",
        "type": "github"
      }
    },
    "root": {
      "inputs": {
        "home-manager": "home-manager",
        "nixpkgs": "nixpkgs"
      }
    }
  },
  "root": "root",
  "version": 7
}
